
Microsoft Visual Studio Solution File, Format Version 12.00
# Visual Studio Version 17
VisualStudioVersion = 17.13.35919.96 d17.13
MinimumVisualStudioVersion = 10.0.40219.1
Project("{FAE04EC0-301F-11D3-BF4B-00C04F79EFBC}") = "Escuela", "Escuela\Escuela.csproj", "{2603AB16-D6F4-4FF5-95AC-2910F209F518}"
EndProject
Global
	GlobalSection(SolutionConfigurationPlatforms) = preSolution
		Debug|Any CPU = Debug|Any CPU
		Release|Any CPU = Release|Any CPU
	EndGlobalSection
	GlobalSection(ProjectConfigurationPlatforms) = postSolution
		{2603AB16-D6F4-4FF5-95AC-2910F209F518}.Debug|Any CPU.ActiveCfg = Debug|Any CPU
		{2603AB16-D6F4-4FF5-95AC-2910F209F518}.Debug|Any CPU.Build.0 = Debug|Any CPU
		{2603AB16-D6F4-4FF5-95AC-2910F209F518}.Release|Any CPU.ActiveCfg = Release|Any CPU
		{2603AB16-D6F4-4FF5-95AC-2910F209F518}.Release|Any CPU.Build.0 = Release|Any CPU
	EndGlobalSection
	GlobalSection(SolutionProperties) = preSolution
		HideSolutionNode = FALSE
	EndGlobalSection
	GlobalSection(ExtensibilityGlobals) = postSolution
		SolutionGuid = {86873773-BA7C-4B4A-89BA-A9F4B8B02CE7}
	EndGlobalSection
EndGlobal
